
Microsoft Visual Studio Solution File, Format Version 12.00
# Visual Studio Version 17
VisualStudioVersion = 17.0.31903.59
MinimumVisualStudioVersion = 10.0.40219.1
Project("{FAE04EC0-301F-11D3-BF4B-00C04F79EFBC}") = "Processor", "Processor\Processor.csproj", "{5D5153AC-0075-4EC7-8395-7BEC2B5BE702}"
EndProject
Project("{FAE04EC0-301F-11D3-BF4B-00C04F79EFBC}") = "SessionProcessor", "SessionProcessor\SessionProcessor.csproj", "{0EAC7B05-64C3-4F6E-B2F8-C931C71782D5}"
EndProject
Project("{FAE04EC0-301F-11D3-BF4B-00C04F79EFBC}") = "ProcessorSimple", "ProcessorSimple\ProcessorSimple.csproj", "{ED46029D-8428-49D7-BE7D-C90D5BD3BCFB}"
EndProject
Project("{FAE04EC0-301F-11D3-BF4B-00C04F79EFBC}") = "SessionProcessorSimple", "SessionProcessorSimple\SessionProcessorSimple.csproj", "{71D8E8BA-21AD-4BA7-B5C2-2852447A2C30}"
EndProject
Project("{FAE04EC0-301F-11D3-BF4B-00C04F79EFBC}") = "ServiceBusRBAC", "ServiceBusRBAC\ServiceBusRBAC.csproj", "{9900FB80-84B6-4800-8209-B230FEB8B054}"
EndProject
Global
	GlobalSection(SolutionConfigurationPlatforms) = preSolution
		Debug|Any CPU = Debug|Any CPU
		Release|Any CPU = Release|Any CPU
	EndGlobalSection
	GlobalSection(SolutionProperties) = preSolution
		HideSolutionNode = FALSE
	EndGlobalSection
	GlobalSection(ProjectConfigurationPlatforms) = postSolution
		{5D5153AC-0075-4EC7-8395-7BEC2B5BE702}.Debug|Any CPU.ActiveCfg = Debug|Any CPU
		{5D5153AC-0075-4EC7-8395-7BEC2B5BE702}.Debug|Any CPU.Build.0 = Debug|Any CPU
		{5D5153AC-0075-4EC7-8395-7BEC2B5BE702}.Release|Any CPU.ActiveCfg = Release|Any CPU
		{5D5153AC-0075-4EC7-8395-7BEC2B5BE702}.Release|Any CPU.Build.0 = Release|Any CPU
		{0EAC7B05-64C3-4F6E-B2F8-C931C71782D5}.Debug|Any CPU.ActiveCfg = Debug|Any CPU
		{0EAC7B05-64C3-4F6E-B2F8-C931C71782D5}.Debug|Any CPU.Build.0 = Debug|Any CPU
		{0EAC7B05-64C3-4F6E-B2F8-C931C71782D5}.Release|Any CPU.ActiveCfg = Release|Any CPU
		{0EAC7B05-64C3-4F6E-B2F8-C931C71782D5}.Release|Any CPU.Build.0 = Release|Any CPU
		{ED46029D-8428-49D7-BE7D-C90D5BD3BCFB}.Debug|Any CPU.ActiveCfg = Debug|Any CPU
		{ED46029D-8428-49D7-BE7D-C90D5BD3BCFB}.Debug|Any CPU.Build.0 = Debug|Any CPU
		{ED46029D-8428-49D7-BE7D-C90D5BD3BCFB}.Release|Any CPU.ActiveCfg = Release|Any CPU
		{ED46029D-8428-49D7-BE7D-C90D5BD3BCFB}.Release|Any CPU.Build.0 = Release|Any CPU
		{71D8E8BA-21AD-4BA7-B5C2-2852447A2C30}.Debug|Any CPU.ActiveCfg = Debug|Any CPU
		{71D8E8BA-21AD-4BA7-B5C2-2852447A2C30}.Debug|Any CPU.Build.0 = Debug|Any CPU
		{71D8E8BA-21AD-4BA7-B5C2-2852447A2C30}.Release|Any CPU.ActiveCfg = Release|Any CPU
		{71D8E8BA-21AD-4BA7-B5C2-2852447A2C30}.Release|Any CPU.Build.0 = Release|Any CPU
		{9900FB80-84B6-4800-8209-B230FEB8B054}.Debug|Any CPU.ActiveCfg = Debug|Any CPU
		{9900FB80-84B6-4800-8209-B230FEB8B054}.Debug|Any CPU.Build.0 = Debug|Any CPU
		{9900FB80-84B6-4800-8209-B230FEB8B054}.Release|Any CPU.ActiveCfg = Release|Any CPU
		{9900FB80-84B6-4800-8209-B230FEB8B054}.Release|Any CPU.Build.0 = Release|Any CPU
	EndGlobalSection
EndGlobal
