
Microsoft Visual Studio Solution File, Format Version 12.00
# Visual Studio Version 17
VisualStudioVersion = 17.0.31903.59
MinimumVisualStudioVersion = 10.0.40219.1
Project("{FAE04EC0-301F-11D3-BF4B-00C04F79EFBC}") = "Processor", "Processor\Processor.csproj", "{22505F1C-8724-4276-A6BE-5E50BE15DBC1}"
EndProject
Project("{FAE04EC0-301F-11D3-BF4B-00C04F79EFBC}") = "ProcessorSimple", "ProcessorSimple\ProcessorSimple.csproj", "{8063FAF3-3444-4E71-A71D-0A494230400F}"
EndProject
Global
	GlobalSection(SolutionConfigurationPlatforms) = preSolution
		Debug|Any CPU = Debug|Any CPU
		Release|Any CPU = Release|Any CPU
	EndGlobalSection
	GlobalSection(SolutionProperties) = preSolution
		HideSolutionNode = FALSE
	EndGlobalSection
	GlobalSection(ProjectConfigurationPlatforms) = postSolution
		{22505F1C-8724-4276-A6BE-5E50BE15DBC1}.Debug|Any CPU.ActiveCfg = Debug|Any CPU
		{22505F1C-8724-4276-A6BE-5E50BE15DBC1}.Debug|Any CPU.Build.0 = Debug|Any CPU
		{22505F1C-8724-4276-A6BE-5E50BE15DBC1}.Release|Any CPU.ActiveCfg = Release|Any CPU
		{22505F1C-8724-4276-A6BE-5E50BE15DBC1}.Release|Any CPU.Build.0 = Release|Any CPU
		{8063FAF3-3444-4E71-A71D-0A494230400F}.Debug|Any CPU.ActiveCfg = Debug|Any CPU
		{8063FAF3-3444-4E71-A71D-0A494230400F}.Debug|Any CPU.Build.0 = Debug|Any CPU
		{8063FAF3-3444-4E71-A71D-0A494230400F}.Release|Any CPU.ActiveCfg = Release|Any CPU
		{8063FAF3-3444-4E71-A71D-0A494230400F}.Release|Any CPU.Build.0 = Release|Any CPU
	EndGlobalSection
EndGlobal
